{
  "name": "@goggles/unit-system-common-uscs-units",
  "version": "1.0.1",
  "lockfileVersion": 2,
  "requires": true,
  "packages": {
    "": {
      "name": "@goggles/unit-system-common-uscs-units",
      "version": "1.0.1",
      "license": "ISC",
      "dependencies": {
        "@goggles/unit-system": "^1.0.3",
        "@goggles/unit-system-si-units": "^1.0.0"
      }
    },
    "node_modules/@goggles/unit-system": {
      "version": "1.0.5",
      "resolved": "https://registry.npmjs.org/@goggles/unit-system/-/unit-system-1.0.5.tgz",
      "integrity": "sha512-zayYAyC7sMlC9HgFb3nMSnig9JvsnYXL8PuHUwBonrjxIsShqwWXy8+cj/qb1UIierT3qWLOZatRfLxSk8buIw=="
    },
    "node_modules/@goggles/unit-system-si-units": {
      "version": "1.0.0",
      "resolved": "https://registry.npmjs.org/@goggles/unit-system-si-units/-/unit-system-si-units-1.0.0.tgz",
      "integrity": "sha512-ERSHnseC+D+TneG6v7dMVisPcQZY1r7Yh3kI3FDpSHPTF4fT/l6bF6fFfF8xbdFCg8d/IV8Hbs+Xe1G8aESqFg==",
      "dependencies": {
        "@goggles/unit-system": "^1.0.2"
      }
    }
  },
  "dependencies": {
    "@goggles/unit-system": {
      "version": "1.0.5",
      "resolved": "https://registry.npmjs.org/@goggles/unit-system/-/unit-system-1.0.5.tgz",
      "integrity": "sha512-zayYAyC7sMlC9HgFb3nMSnig9JvsnYXL8PuHUwBonrjxIsShqwWXy8+cj/qb1UIierT3qWLOZatRfLxSk8buIw=="
    },
    "@goggles/unit-system-si-units": {
      "version": "1.0.0",
      "resolved": "https://registry.npmjs.org/@goggles/unit-system-si-units/-/unit-system-si-units-1.0.0.tgz",
      "integrity": "sha512-ERSHnseC+D+TneG6v7dMVisPcQZY1r7Yh3kI3FDpSHPTF4fT/l6bF6fFfF8xbdFCg8d/IV8Hbs+Xe1G8aESqFg==",
      "requires": {
        "@goggles/unit-system": "^1.0.2"
      }
    }
  }
}
