{
  "name": "@goggles/unit-system-common-uscs-units",
  "version": "1.0.4",
  "lockfileVersion": 2,
  "requires": true,
  "packages": {
    "": {
      "name": "@goggles/unit-system-common-uscs-units",
      "version": "1.0.4",
      "license": "ISC",
      "dependencies": {
        "@goggles/unit-system": "^1.0.3",
        "@goggles/unit-system-si-units": "^1.0.0"
      }
    },
    "node_modules/@goggles/unit-system": {
      "version": "1.2.2",
      "resolved": "https://registry.npmjs.org/@goggles/unit-system/-/unit-system-1.2.2.tgz",
      "integrity": "sha512-T6JJYldwT594qO6pbqGQyLFYJw7dzXzcQ0ZB1t2da4jSgjAj1EIV7MDYxqCXH8fMK2Ri984M0FLNqgOKpJVMdA=="
    },
    "node_modules/@goggles/unit-system-si-units": {
      "version": "1.1.0",
      "resolved": "https://registry.npmjs.org/@goggles/unit-system-si-units/-/unit-system-si-units-1.1.0.tgz",
      "integrity": "sha512-QP7SNijkVSZ2pbXWMONfHnWsV5BionXrNR9VO0sJOtHA8J9haoZEM7YBgdxsRdFh/3fNMBucuSvrMqzjk7oVRw==",
      "dependencies": {
        "@goggles/unit-system": "^1.0.2"
      }
    }
  },
  "dependencies": {
    "@goggles/unit-system": {
      "version": "1.2.2",
      "resolved": "https://registry.npmjs.org/@goggles/unit-system/-/unit-system-1.2.2.tgz",
      "integrity": "sha512-T6JJYldwT594qO6pbqGQyLFYJw7dzXzcQ0ZB1t2da4jSgjAj1EIV7MDYxqCXH8fMK2Ri984M0FLNqgOKpJVMdA=="
    },
    "@goggles/unit-system-si-units": {
      "version": "1.1.0",
      "resolved": "https://registry.npmjs.org/@goggles/unit-system-si-units/-/unit-system-si-units-1.1.0.tgz",
      "integrity": "sha512-QP7SNijkVSZ2pbXWMONfHnWsV5BionXrNR9VO0sJOtHA8J9haoZEM7YBgdxsRdFh/3fNMBucuSvrMqzjk7oVRw==",
      "requires": {
        "@goggles/unit-system": "^1.0.2"
      }
    }
  }
}
